
Microsoft Visual Studio Solution File, Format Version 12.00
# Visual Studio 15
VisualStudioVersion = 15.0.28307.136
MinimumVisualStudioVersion = 10.0.40219.1
Project("{FAE04EC0-301F-11D3-BF4B-00C04F79EFBC}") = "veriyapilariotbs", "veriyapilariotbs\veriyapilariotbs.csproj", "{30828188-E286-40B7-AB07-2F2FF8B86248}"
EndProject
Global
	GlobalSection(SolutionConfigurationPlatforms) = preSolution
		Debug|Any CPU = Debug|Any CPU
		Release|Any CPU = Release|Any CPU
	EndGlobalSection
	GlobalSection(ProjectConfigurationPlatforms) = postSolution
		{30828188-E286-40B7-AB07-2F2FF8B86248}.Debug|Any CPU.ActiveCfg = Debug|Any CPU
		{30828188-E286-40B7-AB07-2F2FF8B86248}.Debug|Any CPU.Build.0 = Debug|Any CPU
		{30828188-E286-40B7-AB07-2F2FF8B86248}.Release|Any CPU.ActiveCfg = Release|Any CPU
		{30828188-E286-40B7-AB07-2F2FF8B86248}.Release|Any CPU.Build.0 = Release|Any CPU
	EndGlobalSection
	GlobalSection(SolutionProperties) = preSolution
		HideSolutionNode = FALSE
	EndGlobalSection
	GlobalSection(ExtensibilityGlobals) = postSolution
		SolutionGuid = {97C23FA5-31CB-422C-A223-F8B8560E5830}
	EndGlobalSection
EndGlobal
